
Microsoft Visual Studio Solution File, Format Version 12.00
# Visual Studio Version 17
VisualStudioVersion = 17.11.35327.3
MinimumVisualStudioVersion = 10.0.40219.1
Project("{FAE04EC0-301F-11D3-BF4B-00C04F79EFBC}") = "graSuperKolkoKrzyzyk2", "graSuperKolkoKrzyzyk2\graSuperKolkoKrzyzyk2.csproj", "{72B9B67E-EB87-4CB2-A98B-CA03DBED8AB3}"
EndProject
Global
	GlobalSection(SolutionConfigurationPlatforms) = preSolution
		Debug|Any CPU = Debug|Any CPU
		Release|Any CPU = Release|Any CPU
	EndGlobalSection
	GlobalSection(ProjectConfigurationPlatforms) = postSolution
		{72B9B67E-EB87-4CB2-A98B-CA03DBED8AB3}.Debug|Any CPU.ActiveCfg = Debug|Any CPU
		{72B9B67E-EB87-4CB2-A98B-CA03DBED8AB3}.Debug|Any CPU.Build.0 = Debug|Any CPU
		{72B9B67E-EB87-4CB2-A98B-CA03DBED8AB3}.Release|Any CPU.ActiveCfg = Release|Any CPU
		{72B9B67E-EB87-4CB2-A98B-CA03DBED8AB3}.Release|Any CPU.Build.0 = Release|Any CPU
	EndGlobalSection
	GlobalSection(SolutionProperties) = preSolution
		HideSolutionNode = FALSE
	EndGlobalSection
	GlobalSection(ExtensibilityGlobals) = postSolution
		SolutionGuid = {F6342BB4-5C2E-4B8D-9FBD-2BDA3CD4CCB6}
	EndGlobalSection
EndGlobal
